{
  "version": 4,
  "terraform_version": "1.14.4",
  "serial": 126,
  "lineage": "903b7a43-96db-ca13-75d1-3b80c8812df1",
  "outputs": {
    "bigquery_datasets": {
      "value": [
        "marts",
        "raw",
        "staging"
      ],
      "type": [
        "tuple",
        [
          "string",
          "string",
          "string"
        ]
      ]
    },
    "bucket_name": {
      "value": "citibike-data-lake",
      "type": "string"
    },
    "iam_bindings": {
      "value": {
        "dbt-sa-roles_bigquery.dataEditor": {
          "member": "serviceAccount:dbt-sa@nyc-citibike-data-platform.iam.gserviceaccount.com",
          "role": "roles/bigquery.dataEditor"
        },
        "dbt-sa-roles_bigquery.jobUser": {
          "member": "serviceAccount:dbt-sa@nyc-citibike-data-platform.iam.gserviceaccount.com",
          "role": "roles/bigquery.jobUser"
        },
        "dbt-sa-roles_bigquery.readSessionUser": {
          "member": "serviceAccount:dbt-sa@nyc-citibike-data-platform.iam.gserviceaccount.com",
          "role": "roles/bigquery.readSessionUser"
        },
        "kestra-sa-roles_bigquery.dataEditor": {
          "member": "serviceAccount:kestra-sa@nyc-citibike-data-platform.iam.gserviceaccount.com",
          "role": "roles/bigquery.dataEditor"
        },
        "kestra-sa-roles_bigquery.jobUser": {
          "member": "serviceAccount:kestra-sa@nyc-citibike-data-platform.iam.gserviceaccount.com",
          "role": "roles/bigquery.jobUser"
        },
        "kestra-sa-roles_pubsub.publisher": {
          "member": "serviceAccount:kestra-sa@nyc-citibike-data-platform.iam.gserviceaccount.com",
          "role": "roles/pubsub.publisher"
        },
        "kestra-sa-roles_storage.admin": {
          "member": "serviceAccount:kestra-sa@nyc-citibike-data-platform.iam.gserviceaccount.com",
          "role": "roles/storage.admin"
        },
        "terraform-sa-roles_bigquery.admin": {
          "member": "serviceAccount:terraform-sa@nyc-citibike-data-platform.iam.gserviceaccount.com",
          "role": "roles/bigquery.admin"
        },
        "terraform-sa-roles_iam.serviceAccountAdmin": {
          "member": "serviceAccount:terraform-sa@nyc-citibike-data-platform.iam.gserviceaccount.com",
          "role": "roles/iam.serviceAccountAdmin"
        },
        "terraform-sa-roles_resourcemanager.projectIamAdmin": {
          "member": "serviceAccount:terraform-sa@nyc-citibike-data-platform.iam.gserviceaccount.com",
          "role": "roles/resourcemanager.projectIamAdmin"
        },
        "terraform-sa-roles_storage.admin": {
          "member": "serviceAccount:terraform-sa@nyc-citibike-data-platform.iam.gserviceaccount.com",
          "role": "roles/storage.admin"
        }
      },
      "type": [
        "object",
        {
          "dbt-sa-roles_bigquery.dataEditor": [
            "object",
            {
              "member": "string",
              "role": "string"
            }
          ],
          "dbt-sa-roles_bigquery.jobUser": [
            "object",
            {
              "member": "string",
              "role": "string"
            }
          ],
          "dbt-sa-roles_bigquery.readSessionUser": [
            "object",
            {
              "member": "string",
              "role": "string"
            }
          ],
          "kestra-sa-roles_bigquery.dataEditor": [
            "object",
            {
              "member": "string",
              "role": "string"
            }
          ],
          "kestra-sa-roles_bigquery.jobUser": [
            "object",
            {
              "member": "string",
              "role": "string"
            }
          ],
          "kestra-sa-roles_pubsub.publisher": [
            "object",
            {
              "member": "string",
              "role": "string"
            }
          ],
          "kestra-sa-roles_storage.admin": [
            "object",
            {
              "member": "string",
              "role": "string"
            }
          ],
          "terraform-sa-roles_bigquery.admin": [
            "object",
            {
              "member": "string",
              "role": "string"
            }
          ],
          "terraform-sa-roles_iam.serviceAccountAdmin": [
            "object",
            {
              "member": "string",
              "role": "string"
            }
          ],
          "terraform-sa-roles_resourcemanager.projectIamAdmin": [
            "object",
            {
              "member": "string",
              "role": "string"
            }
          ],
          "terraform-sa-roles_storage.admin": [
            "object",
            {
              "member": "string",
              "role": "string"
            }
          ]
        }
      ]
    },
    "service_accounts": {
      "value": {
        "dbt-sa": "dbt-sa@nyc-citibike-data-platform.iam.gserviceaccount.com",
        "kestra-sa": "kestra-sa@nyc-citibike-data-platform.iam.gserviceaccount.com",
        "terraform-sa": "terraform-sa@nyc-citibike-data-platform.iam.gserviceaccount.com"
      },
      "type": [
        "object",
        {
          "dbt-sa": "string",
          "kestra-sa": "string",
          "terraform-sa": "string"
        }
      ]
    }
  },
  "resources": [
    {
      "module": "module.bigquery",
      "mode": "managed",
      "type": "google_bigquery_dataset",
      "name": "datasets",
      "provider": "provider[\"registry.terraform.io/hashicorp/google\"]",
      "instances": [
        {
          "index_key": "marts",
          "schema_version": 0,
          "attributes": {
            "access": [
              {
                "dataset": [],
                "domain": "",
                "group_by_email": "",
                "iam_member": "",
                "role": "OWNER",
                "routine": [],
                "special_group": "",
                "user_by_email": "osareniho.oni@gmail.com",
                "view": []
              },
              {
                "dataset": [],
                "domain": "",
                "group_by_email": "",
                "iam_member": "",
                "role": "OWNER",
                "routine": [],
                "special_group": "projectOwners",
                "user_by_email": "",
                "view": []
              },
              {
                "dataset": [],
                "domain": "",
                "group_by_email": "",
                "iam_member": "",
                "role": "READER",
                "routine": [],
                "special_group": "projectReaders",
                "user_by_email": "",
                "view": []
              },
              {
                "dataset": [],
                "domain": "",
                "group_by_email": "",
                "iam_member": "",
                "role": "WRITER",
                "routine": [],
                "special_group": "projectWriters",
                "user_by_email": "",
                "view": []
              }
            ],
            "creation_time": 1772411634229,
            "dataset_id": "marts",
            "default_collation": "",
            "default_encryption_configuration": [],
            "default_partition_expiration_ms": 0,
            "default_table_expiration_ms": 0,
            "delete_contents_on_destroy": false,
            "description": "",
            "effective_labels": {
              "goog-terraform-provisioned": "true"
            },
            "etag": "z13GvhDBc3sLvveJGNNTQQ==",
            "external_dataset_reference": [],
            "friendly_name": "",
            "id": "projects/nyc-citibike-data-platform/datasets/marts",
            "is_case_insensitive": false,
            "labels": {},
            "last_modified_time": 1772411634229,
            "location": "us-central1",
            "max_time_travel_hours": "168",
            "project": "nyc-citibike-data-platform",
            "resource_tags": {},
            "self_link": "https://bigquery.googleapis.com/bigquery/v2/projects/nyc-citibike-data-platform/datasets/marts",
            "storage_billing_model": "",
            "terraform_labels": {
              "goog-terraform-provisioned": "true"
            },
            "timeouts": null
          },
          "sensitive_attributes": [],
          "identity_schema_version": 0,
          "private": "eyJlMmJmYjczMC1lY2FhLTExZTYtOGY4OC0zNDM2M2JjN2M0YzAiOnsiY3JlYXRlIjoxMjAwMDAwMDAwMDAwLCJkZWxldGUiOjEyMDAwMDAwMDAwMDAsInVwZGF0ZSI6MTIwMDAwMDAwMDAwMH19"
        },
        {
          "index_key": "raw",
          "schema_version": 0,
          "attributes": {
            "access": [
              {
                "dataset": [],
                "domain": "",
                "group_by_email": "",
                "iam_member": "",
                "role": "OWNER",
                "routine": [],
                "special_group": "",
                "user_by_email": "osareniho.oni@gmail.com",
                "view": []
              },
              {
                "dataset": [],
                "domain": "",
                "group_by_email": "",
                "iam_member": "",
                "role": "OWNER",
                "routine": [],
                "special_group": "projectOwners",
                "user_by_email": "",
                "view": []
              },
              {
                "dataset": [],
                "domain": "",
                "group_by_email": "",
                "iam_member": "",
                "role": "READER",
                "routine": [],
                "special_group": "projectReaders",
                "user_by_email": "",
                "view": []
              },
              {
                "dataset": [],
                "domain": "",
                "group_by_email": "",
                "iam_member": "",
                "role": "WRITER",
                "routine": [],
                "special_group": "projectWriters",
                "user_by_email": "",
                "view": []
              }
            ],
            "creation_time": 1772333918026,
            "dataset_id": "raw",
            "default_collation": "",
            "default_encryption_configuration": [],
            "default_partition_expiration_ms": 0,
            "default_table_expiration_ms": 0,
            "delete_contents_on_destroy": false,
            "description": "",
            "effective_labels": {
              "goog-terraform-provisioned": "true"
            },
            "etag": "wljP/UUfihIGCo/TCn+GFA==",
            "external_dataset_reference": [],
            "friendly_name": "",
            "id": "projects/nyc-citibike-data-platform/datasets/raw",
            "is_case_insensitive": false,
            "labels": {},
            "last_modified_time": 1772333918026,
            "location": "us-central1",
            "max_time_travel_hours": "168",
            "project": "nyc-citibike-data-platform",
            "resource_tags": {},
            "self_link": "https://bigquery.googleapis.com/bigquery/v2/projects/nyc-citibike-data-platform/datasets/raw",
            "storage_billing_model": "",
            "terraform_labels": {
              "goog-terraform-provisioned": "true"
            },
            "timeouts": null
          },
          "sensitive_attributes": [],
          "identity_schema_version": 0,
          "private": "eyJlMmJmYjczMC1lY2FhLTExZTYtOGY4OC0zNDM2M2JjN2M0YzAiOnsiY3JlYXRlIjoxMjAwMDAwMDAwMDAwLCJkZWxldGUiOjEyMDAwMDAwMDAwMDAsInVwZGF0ZSI6MTIwMDAwMDAwMDAwMH19"
        },
        {
          "index_key": "staging",
          "schema_version": 0,
          "attributes": {
            "access": [
              {
                "dataset": [],
                "domain": "",
                "group_by_email": "",
                "iam_member": "",
                "role": "OWNER",
                "routine": [],
                "special_group": "",
                "user_by_email": "osareniho.oni@gmail.com",
                "view": []
              },
              {
                "dataset": [],
                "domain": "",
                "group_by_email": "",
                "iam_member": "",
                "role": "OWNER",
                "routine": [],
                "special_group": "projectOwners",
                "user_by_email": "",
                "view": []
              },
              {
                "dataset": [],
                "domain": "",
                "group_by_email": "",
                "iam_member": "",
                "role": "READER",
                "routine": [],
                "special_group": "projectReaders",
                "user_by_email": "",
                "view": []
              },
              {
                "dataset": [],
                "domain": "",
                "group_by_email": "",
                "iam_member": "",
                "role": "WRITER",
                "routine": [],
                "special_group": "projectWriters",
                "user_by_email": "",
                "view": []
              }
            ],
            "creation_time": 1772333918026,
            "dataset_id": "staging",
            "default_collation": "",
            "default_encryption_configuration": [],
            "default_partition_expiration_ms": 0,
            "default_table_expiration_ms": 0,
            "delete_contents_on_destroy": false,
            "description": "",
            "effective_labels": {
              "goog-terraform-provisioned": "true"
            },
            "etag": "8CLSJBm2LDUrWaq6xJf/SA==",
            "external_dataset_reference": [],
            "friendly_name": "",
            "id": "projects/nyc-citibike-data-platform/datasets/staging",
            "is_case_insensitive": false,
            "labels": {},
            "last_modified_time": 1772333918026,
            "location": "us-central1",
            "max_time_travel_hours": "168",
            "project": "nyc-citibike-data-platform",
            "resource_tags": {},
            "self_link": "https://bigquery.googleapis.com/bigquery/v2/projects/nyc-citibike-data-platform/datasets/staging",
            "storage_billing_model": "",
            "terraform_labels": {
              "goog-terraform-provisioned": "true"
            },
            "timeouts": null
          },
          "sensitive_attributes": [],
          "identity_schema_version": 0,
          "private": "eyJlMmJmYjczMC1lY2FhLTExZTYtOGY4OC0zNDM2M2JjN2M0YzAiOnsiY3JlYXRlIjoxMjAwMDAwMDAwMDAwLCJkZWxldGUiOjEyMDAwMDAwMDAwMDAsInVwZGF0ZSI6MTIwMDAwMDAwMDAwMH19"
        }
      ]
    },
    {
      "module": "module.bigquery",
      "mode": "managed",
      "type": "google_bigquery_table",
      "name": "streaming_tables",
      "provider": "provider[\"registry.terraform.io/hashicorp/google\"]",
      "instances": [
        {
          "index_key": "station_status",
          "schema_version": 0,
          "attributes": {
            "biglake_configuration": [],
            "clustering": [
              "station_id"
            ],
            "creation_time": 1772593771242,
            "dataset_id": "raw",
            "deletion_protection": false,
            "description": "Real-time CitiBike station status data from Pub/Sub GBFS feed",
            "effective_labels": {
              "goog-terraform-provisioned": "true"
            },
            "encryption_configuration": [],
            "etag": "t5PRFxTpECH3J9EL92mMAg==",
            "expiration_time": 0,
            "external_data_configuration": [],
            "friendly_name": "",
            "id": "projects/nyc-citibike-data-platform/datasets/raw/tables/station_status_streaming",
            "labels": {},
            "last_modified_time": 1772596803541,
            "location": "us-central1",
            "materialized_view": [],
            "max_staleness": "",
            "num_bytes": 0,
            "num_long_term_bytes": 0,
            "num_rows": 0,
            "project": "nyc-citibike-data-platform",
            "range_partitioning": [],
            "require_partition_filter": false,
            "resource_tags": {},
            "schema": "[{\"description\":\"Unique identifier of the station (UUID format)\",\"mode\":\"REQUIRED\",\"name\":\"station_id\",\"type\":\"STRING\"},{\"description\":\"Number of functional bikes currently at the station\",\"mode\":\"NULLABLE\",\"name\":\"num_bikes_available\",\"type\":\"INTEGER\"},{\"description\":\"Number of functional electric bikes currently at the station\",\"mode\":\"NULLABLE\",\"name\":\"num_ebikes_available\",\"type\":\"INTEGER\"},{\"description\":\"Number of disabled bikes currently at the station\",\"mode\":\"NULLABLE\",\"name\":\"num_bikes_disabled\",\"type\":\"INTEGER\"},{\"description\":\"Number of empty docks currently available for returning bikes\",\"mode\":\"NULLABLE\",\"name\":\"num_docks_available\",\"type\":\"INTEGER\"},{\"description\":\"Number of disabled docks at the station\",\"mode\":\"NULLABLE\",\"name\":\"num_docks_disabled\",\"type\":\"INTEGER\"},{\"description\":\"1 if the station is installed, 0 otherwise\",\"mode\":\"NULLABLE\",\"name\":\"is_installed\",\"type\":\"INTEGER\"},{\"description\":\"1 if the station is currently renting bikes, 0 otherwise\",\"mode\":\"NULLABLE\",\"name\":\"is_renting\",\"type\":\"INTEGER\"},{\"description\":\"1 if the station is currently accepting bike returns, 0 otherwise\",\"mode\":\"NULLABLE\",\"name\":\"is_returning\",\"type\":\"INTEGER\"},{\"description\":\"The last time this station reported its status (Unix timestamp in feed)\",\"mode\":\"NULLABLE\",\"name\":\"last_reported\",\"type\":\"TIMESTAMP\"},{\"description\":\"Number of scooters available\",\"mode\":\"NULLABLE\",\"name\":\"num_scooters_available\",\"type\":\"INTEGER\"},{\"description\":\"Number of scooters unavailable\",\"mode\":\"NULLABLE\",\"name\":\"num_scooters_unavailable\",\"type\":\"INTEGER\"},{\"description\":\"CitiBike legacy field for key availability\",\"mode\":\"NULLABLE\",\"name\":\"eightd_has_available_keys\",\"type\":\"BOOLEAN\"},{\"description\":\"The old numeric ID for the station\",\"mode\":\"NULLABLE\",\"name\":\"legacy_id\",\"type\":\"STRING\"},{\"description\":\"Raw message payload (required by Pub/Sub)\",\"mode\":\"NULLABLE\",\"name\":\"data\",\"type\":\"STRING\"}]",
            "self_link": "https://bigquery.googleapis.com/bigquery/v2/projects/nyc-citibike-data-platform/datasets/raw/tables/station_status_streaming",
            "table_constraints": [],
            "table_id": "station_status_streaming",
            "table_replication_info": [],
            "terraform_labels": {
              "goog-terraform-provisioned": "true"
            },
            "time_partitioning": [
              {
                "expiration_ms": 2592000000,
                "field": "last_reported",
                "require_partition_filter": false,
                "type": "DAY"
              }
            ],
            "type": "TABLE",
            "view": []
          },
          "sensitive_attributes": [],
          "identity_schema_version": 0,
          "private": "bnVsbA==",
          "dependencies": [
            "module.bigquery.google_bigquery_dataset.datasets"
          ]
        }
      ]
    },
    {
      "module": "module.iam",
      "mode": "managed",
      "type": "google_project_iam_member",
      "name": "bindings",
      "provider": "provider[\"registry.terraform.io/hashicorp/google\"]",
      "instances": [
        {
          "index_key": "dbt-sa-roles_bigquery.dataEditor",
          "schema_version": 0,
          "attributes": {
            "condition": [],
            "etag": "BwZMKl+PEE4=",
            "id": "nyc-citibike-data-platform/roles/bigquery.dataEditor/serviceAccount:dbt-sa@nyc-citibike-data-platform.iam.gserviceaccount.com",
            "member": "serviceAccount:dbt-sa@nyc-citibike-data-platform.iam.gserviceaccount.com",
            "project": "nyc-citibike-data-platform",
            "role": "roles/bigquery.dataEditor"
          },
          "sensitive_attributes": [],
          "identity_schema_version": 0,
          "private": "bnVsbA==",
          "dependencies": [
            "module.service_accounts.google_service_account.sa"
          ]
        },
        {
          "index_key": "dbt-sa-roles_bigquery.jobUser",
          "schema_version": 0,
          "attributes": {
            "condition": [],
            "etag": "BwZMKl+PEE4=",
            "id": "nyc-citibike-data-platform/roles/bigquery.jobUser/serviceAccount:dbt-sa@nyc-citibike-data-platform.iam.gserviceaccount.com",
            "member": "serviceAccount:dbt-sa@nyc-citibike-data-platform.iam.gserviceaccount.com",
            "project": "nyc-citibike-data-platform",
            "role": "roles/bigquery.jobUser"
          },
          "sensitive_attributes": [],
          "identity_schema_version": 0,
          "private": "bnVsbA==",
          "dependencies": [
            "module.service_accounts.google_service_account.sa"
          ]
        },
        {
          "index_key": "dbt-sa-roles_bigquery.readSessionUser",
          "schema_version": 0,
          "attributes": {
            "condition": [],
            "etag": "BwZMKl+PEE4=",
            "id": "nyc-citibike-data-platform/roles/bigquery.readSessionUser/serviceAccount:dbt-sa@nyc-citibike-data-platform.iam.gserviceaccount.com",
            "member": "serviceAccount:dbt-sa@nyc-citibike-data-platform.iam.gserviceaccount.com",
            "project": "nyc-citibike-data-platform",
            "role": "roles/bigquery.readSessionUser"
          },
          "sensitive_attributes": [],
          "identity_schema_version": 0,
          "private": "bnVsbA==",
          "dependencies": [
            "module.service_accounts.google_service_account.sa"
          ]
        },
        {
          "index_key": "kestra-sa-roles_bigquery.dataEditor",
          "schema_version": 0,
          "attributes": {
            "condition": [],
            "etag": "BwZMKl+PEE4=",
            "id": "nyc-citibike-data-platform/roles/bigquery.dataEditor/serviceAccount:kestra-sa@nyc-citibike-data-platform.iam.gserviceaccount.com",
            "member": "serviceAccount:kestra-sa@nyc-citibike-data-platform.iam.gserviceaccount.com",
            "project": "nyc-citibike-data-platform",
            "role": "roles/bigquery.dataEditor"
          },
          "sensitive_attributes": [],
          "identity_schema_version": 0,
          "private": "bnVsbA==",
          "dependencies": [
            "module.service_accounts.google_service_account.sa"
          ]
        },
        {
          "index_key": "kestra-sa-roles_bigquery.jobUser",
          "schema_version": 0,
          "attributes": {
            "condition": [],
            "etag": "BwZMKl+PEE4=",
            "id": "nyc-citibike-data-platform/roles/bigquery.jobUser/serviceAccount:kestra-sa@nyc-citibike-data-platform.iam.gserviceaccount.com",
            "member": "serviceAccount:kestra-sa@nyc-citibike-data-platform.iam.gserviceaccount.com",
            "project": "nyc-citibike-data-platform",
            "role": "roles/bigquery.jobUser"
          },
          "sensitive_attributes": [],
          "identity_schema_version": 0,
          "private": "bnVsbA==",
          "dependencies": [
            "module.service_accounts.google_service_account.sa"
          ]
        },
        {
          "index_key": "kestra-sa-roles_pubsub.publisher",
          "schema_version": 0,
          "attributes": {
            "condition": [],
            "etag": "BwZMKl+PEE4=",
            "id": "nyc-citibike-data-platform/roles/pubsub.publisher/serviceAccount:kestra-sa@nyc-citibike-data-platform.iam.gserviceaccount.com",
            "member": "serviceAccount:kestra-sa@nyc-citibike-data-platform.iam.gserviceaccount.com",
            "project": "nyc-citibike-data-platform",
            "role": "roles/pubsub.publisher"
          },
          "sensitive_attributes": [],
          "identity_schema_version": 0,
          "private": "bnVsbA==",
          "dependencies": [
            "module.service_accounts.google_service_account.sa"
          ]
        },
        {
          "index_key": "kestra-sa-roles_storage.admin",
          "schema_version": 0,
          "attributes": {
            "condition": [],
            "etag": "BwZMKl+PEE4=",
            "id": "nyc-citibike-data-platform/roles/storage.admin/serviceAccount:kestra-sa@nyc-citibike-data-platform.iam.gserviceaccount.com",
            "member": "serviceAccount:kestra-sa@nyc-citibike-data-platform.iam.gserviceaccount.com",
            "project": "nyc-citibike-data-platform",
            "role": "roles/storage.admin"
          },
          "sensitive_attributes": [],
          "identity_schema_version": 0,
          "private": "bnVsbA==",
          "dependencies": [
            "module.service_accounts.google_service_account.sa"
          ]
        },
        {
          "index_key": "terraform-sa-roles_bigquery.admin",
          "schema_version": 0,
          "attributes": {
            "condition": [],
            "etag": "BwZMKl+PEE4=",
            "id": "nyc-citibike-data-platform/roles/bigquery.admin/serviceAccount:terraform-sa@nyc-citibike-data-platform.iam.gserviceaccount.com",
            "member": "serviceAccount:terraform-sa@nyc-citibike-data-platform.iam.gserviceaccount.com",
            "project": "nyc-citibike-data-platform",
            "role": "roles/bigquery.admin"
          },
          "sensitive_attributes": [],
          "identity_schema_version": 0,
          "private": "bnVsbA==",
          "dependencies": [
            "module.service_accounts.google_service_account.sa"
          ]
        },
        {
          "index_key": "terraform-sa-roles_iam.serviceAccountAdmin",
          "schema_version": 0,
          "attributes": {
            "condition": [],
            "etag": "BwZMKl+PEE4=",
            "id": "nyc-citibike-data-platform/roles/iam.serviceAccountAdmin/serviceAccount:terraform-sa@nyc-citibike-data-platform.iam.gserviceaccount.com",
            "member": "serviceAccount:terraform-sa@nyc-citibike-data-platform.iam.gserviceaccount.com",
            "project": "nyc-citibike-data-platform",
            "role": "roles/iam.serviceAccountAdmin"
          },
          "sensitive_attributes": [],
          "identity_schema_version": 0,
          "private": "bnVsbA==",
          "dependencies": [
            "module.service_accounts.google_service_account.sa"
          ]
        },
        {
          "index_key": "terraform-sa-roles_resourcemanager.projectIamAdmin",
          "schema_version": 0,
          "attributes": {
            "condition": [],
            "etag": "BwZMKl+PEE4=",
            "id": "nyc-citibike-data-platform/roles/resourcemanager.projectIamAdmin/serviceAccount:terraform-sa@nyc-citibike-data-platform.iam.gserviceaccount.com",
            "member": "serviceAccount:terraform-sa@nyc-citibike-data-platform.iam.gserviceaccount.com",
            "project": "nyc-citibike-data-platform",
            "role": "roles/resourcemanager.projectIamAdmin"
          },
          "sensitive_attributes": [],
          "identity_schema_version": 0,
          "private": "bnVsbA==",
          "dependencies": [
            "module.service_accounts.google_service_account.sa"
          ]
        },
        {
          "index_key": "terraform-sa-roles_storage.admin",
          "schema_version": 0,
          "attributes": {
            "condition": [],
            "etag": "BwZMKl+PEE4=",
            "id": "nyc-citibike-data-platform/roles/storage.admin/serviceAccount:terraform-sa@nyc-citibike-data-platform.iam.gserviceaccount.com",
            "member": "serviceAccount:terraform-sa@nyc-citibike-data-platform.iam.gserviceaccount.com",
            "project": "nyc-citibike-data-platform",
            "role": "roles/storage.admin"
          },
          "sensitive_attributes": [],
          "identity_schema_version": 0,
          "private": "bnVsbA==",
          "dependencies": [
            "module.service_accounts.google_service_account.sa"
          ]
        }
      ]
    },
    {
      "module": "module.pubsub",
      "mode": "data",
      "type": "google_project",
      "name": "project",
      "provider": "provider[\"registry.terraform.io/hashicorp/google\"]",
      "instances": [
        {
          "schema_version": 0,
          "attributes": {
            "auto_create_network": null,
            "billing_account": "016E46-4808A4-21A570",
            "deletion_policy": "PREVENT",
            "effective_labels": {},
            "folder_id": null,
            "id": "projects/nyc-citibike-data-platform",
            "labels": {},
            "name": "nyc-citibike-data-platform",
            "number": "757510344135",
            "org_id": null,
            "project_id": "nyc-citibike-data-platform",
            "tags": null,
            "terraform_labels": {}
          },
          "sensitive_attributes": [],
          "identity_schema_version": 0
        }
      ]
    },
    {
      "module": "module.pubsub",
      "mode": "managed",
      "type": "google_project_iam_member",
      "name": "pubsub_bq_editor",
      "provider": "provider[\"registry.terraform.io/hashicorp/google\"]",
      "instances": [
        {
          "index_key": 0,
          "schema_version": 0,
          "attributes": {
            "condition": [],
            "etag": "BwZMKttbseI=",
            "id": "nyc-citibike-data-platform/roles/bigquery.dataEditor/serviceAccount:service-757510344135@gcp-sa-pubsub.iam.gserviceaccount.com",
            "member": "serviceAccount:service-757510344135@gcp-sa-pubsub.iam.gserviceaccount.com",
            "project": "nyc-citibike-data-platform",
            "role": "roles/bigquery.dataEditor"
          },
          "sensitive_attributes": [],
          "identity_schema_version": 0,
          "private": "bnVsbA==",
          "dependencies": [
            "module.bigquery.google_bigquery_dataset.datasets",
            "module.bigquery.google_bigquery_table.streaming_tables",
            "module.pubsub.data.google_project.project",
            "module.pubsub.google_project_service.pubsub_api",
            "module.pubsub.google_pubsub_schema.schemas",
            "module.pubsub.google_pubsub_topic.topics"
          ]
        }
      ]
    },
    {
      "module": "module.pubsub",
      "mode": "managed",
      "type": "google_project_iam_member",
      "name": "pubsub_bq_metadata_viewer",
      "provider": "provider[\"registry.terraform.io/hashicorp/google\"]",
      "instances": [
        {
          "index_key": 0,
          "schema_version": 0,
          "attributes": {
            "condition": [],
            "etag": "BwZMKttbseI=",
            "id": "nyc-citibike-data-platform/roles/bigquery.metadataViewer/serviceAccount:service-757510344135@gcp-sa-pubsub.iam.gserviceaccount.com",
            "member": "serviceAccount:service-757510344135@gcp-sa-pubsub.iam.gserviceaccount.com",
            "project": "nyc-citibike-data-platform",
            "role": "roles/bigquery.metadataViewer"
          },
          "sensitive_attributes": [],
          "identity_schema_version": 0,
          "private": "bnVsbA==",
          "dependencies": [
            "module.bigquery.google_bigquery_dataset.datasets",
            "module.bigquery.google_bigquery_table.streaming_tables",
            "module.pubsub.data.google_project.project",
            "module.pubsub.google_project_service.pubsub_api",
            "module.pubsub.google_pubsub_schema.schemas",
            "module.pubsub.google_pubsub_topic.topics"
          ]
        }
      ]
    },
    {
      "module": "module.pubsub",
      "mode": "managed",
      "type": "google_project_service",
      "name": "pubsub_api",
      "provider": "provider[\"registry.terraform.io/hashicorp/google\"]",
      "instances": [
        {
          "schema_version": 0,
          "attributes": {
            "disable_dependent_services": null,
            "disable_on_destroy": false,
            "id": "nyc-citibike-data-platform/pubsub.googleapis.com",
            "project": "nyc-citibike-data-platform",
            "service": "pubsub.googleapis.com",
            "timeouts": null
          },
          "sensitive_attributes": [],
          "identity_schema_version": 0,
          "private": "eyJlMmJmYjczMC1lY2FhLTExZTYtOGY4OC0zNDM2M2JjN2M0YzAiOnsiY3JlYXRlIjoxMjAwMDAwMDAwMDAwLCJkZWxldGUiOjEyMDAwMDAwMDAwMDAsInJlYWQiOjYwMDAwMDAwMDAwMCwidXBkYXRlIjoxMjAwMDAwMDAwMDAwfX0=",
          "dependencies": [
            "module.bigquery.google_bigquery_dataset.datasets",
            "module.bigquery.google_bigquery_table.streaming_tables"
          ]
        }
      ]
    },
    {
      "module": "module.pubsub",
      "mode": "managed",
      "type": "google_pubsub_subscription",
      "name": "bigquery_subscriptions",
      "provider": "provider[\"registry.terraform.io/hashicorp/google\"]",
      "instances": [
        {
          "index_key": "station_status_to_bq",
          "schema_version": 0,
          "attributes": {
            "ack_deadline_seconds": 20,
            "bigquery_config": [
              {
                "drop_unknown_fields": false,
                "service_account_email": "",
                "table": "nyc-citibike-data-platform:raw.station_status_streaming",
                "use_table_schema": true,
                "use_topic_schema": false,
                "write_metadata": false
              }
            ],
            "cloud_storage_config": [],
            "dead_letter_policy": [],
            "effective_labels": {
              "goog-terraform-provisioned": "true"
            },
            "enable_exactly_once_delivery": false,
            "enable_message_ordering": false,
            "expiration_policy": [
              {
                "ttl": "2678400s"
              }
            ],
            "filter": "",
            "id": "projects/nyc-citibike-data-platform/subscriptions/citibike-station-status-to-bq",
            "labels": {},
            "message_retention_duration": "604800s",
            "name": "citibike-station-status-to-bq",
            "project": "nyc-citibike-data-platform",
            "push_config": [],
            "retain_acked_messages": false,
            "retry_policy": [
              {
                "maximum_backoff": "600s",
                "minimum_backoff": "10s"
              }
            ],
            "terraform_labels": {
              "goog-terraform-provisioned": "true"
            },
            "timeouts": null,
            "topic": "projects/nyc-citibike-data-platform/topics/citibike-station-status"
          },
          "sensitive_attributes": [],
          "identity_schema_version": 0,
          "private": "eyJlMmJmYjczMC1lY2FhLTExZTYtOGY4OC0zNDM2M2JjN2M0YzAiOnsiY3JlYXRlIjoxMjAwMDAwMDAwMDAwLCJkZWxldGUiOjEyMDAwMDAwMDAwMDAsInVwZGF0ZSI6MTIwMDAwMDAwMDAwMH19",
          "dependencies": [
            "module.bigquery.google_bigquery_dataset.datasets",
            "module.bigquery.google_bigquery_table.streaming_tables",
            "module.pubsub.data.google_project.project",
            "module.pubsub.google_project_iam_member.pubsub_bq_editor",
            "module.pubsub.google_project_service.pubsub_api",
            "module.pubsub.google_pubsub_schema.schemas",
            "module.pubsub.google_pubsub_topic.topics"
          ]
        }
      ]
    },
    {
      "module": "module.pubsub",
      "mode": "managed",
      "type": "google_pubsub_topic",
      "name": "topics",
      "provider": "provider[\"registry.terraform.io/hashicorp/google\"]",
      "instances": [
        {
          "index_key": "station_status",
          "schema_version": 0,
          "attributes": {
            "effective_labels": {
              "goog-terraform-provisioned": "true"
            },
            "id": "projects/nyc-citibike-data-platform/topics/citibike-station-status",
            "ingestion_data_source_settings": [],
            "kms_key_name": "",
            "labels": {},
            "message_retention_duration": "86400s",
            "message_storage_policy": [],
            "name": "citibike-station-status",
            "project": "nyc-citibike-data-platform",
            "schema_settings": [],
            "terraform_labels": {
              "goog-terraform-provisioned": "true"
            },
            "timeouts": null
          },
          "sensitive_attributes": [],
          "identity_schema_version": 0,
          "private": "eyJlMmJmYjczMC1lY2FhLTExZTYtOGY4OC0zNDM2M2JjN2M0YzAiOnsiY3JlYXRlIjoxMjAwMDAwMDAwMDAwLCJkZWxldGUiOjEyMDAwMDAwMDAwMDAsInVwZGF0ZSI6MTIwMDAwMDAwMDAwMH19",
          "dependencies": [
            "module.bigquery.google_bigquery_dataset.datasets",
            "module.bigquery.google_bigquery_table.streaming_tables",
            "module.pubsub.google_pubsub_schema.schemas"
          ]
        }
      ]
    },
    {
      "module": "module.service_accounts",
      "mode": "managed",
      "type": "google_service_account",
      "name": "sa",
      "provider": "provider[\"registry.terraform.io/hashicorp/google\"]",
      "instances": [
        {
          "index_key": "dbt-sa",
          "schema_version": 0,
          "attributes": {
            "account_id": "dbt-sa",
            "create_ignore_already_exists": null,
            "description": "",
            "disabled": false,
            "display_name": "dbt-sa",
            "email": "dbt-sa@nyc-citibike-data-platform.iam.gserviceaccount.com",
            "id": "projects/nyc-citibike-data-platform/serviceAccounts/dbt-sa@nyc-citibike-data-platform.iam.gserviceaccount.com",
            "member": "serviceAccount:dbt-sa@nyc-citibike-data-platform.iam.gserviceaccount.com",
            "name": "projects/nyc-citibike-data-platform/serviceAccounts/dbt-sa@nyc-citibike-data-platform.iam.gserviceaccount.com",
            "project": "nyc-citibike-data-platform",
            "timeouts": null,
            "unique_id": "114538267707374904105"
          },
          "sensitive_attributes": [],
          "identity_schema_version": 0,
          "private": "eyJlMmJmYjczMC1lY2FhLTExZTYtOGY4OC0zNDM2M2JjN2M0YzAiOnsiY3JlYXRlIjozMDAwMDAwMDAwMDB9fQ=="
        },
        {
          "index_key": "kestra-sa",
          "schema_version": 0,
          "attributes": {
            "account_id": "kestra-sa",
            "create_ignore_already_exists": null,
            "description": "",
            "disabled": false,
            "display_name": "kestra-sa",
            "email": "kestra-sa@nyc-citibike-data-platform.iam.gserviceaccount.com",
            "id": "projects/nyc-citibike-data-platform/serviceAccounts/kestra-sa@nyc-citibike-data-platform.iam.gserviceaccount.com",
            "member": "serviceAccount:kestra-sa@nyc-citibike-data-platform.iam.gserviceaccount.com",
            "name": "projects/nyc-citibike-data-platform/serviceAccounts/kestra-sa@nyc-citibike-data-platform.iam.gserviceaccount.com",
            "project": "nyc-citibike-data-platform",
            "timeouts": null,
            "unique_id": "118210442566488932690"
          },
          "sensitive_attributes": [],
          "identity_schema_version": 0,
          "private": "eyJlMmJmYjczMC1lY2FhLTExZTYtOGY4OC0zNDM2M2JjN2M0YzAiOnsiY3JlYXRlIjozMDAwMDAwMDAwMDB9fQ=="
        },
        {
          "index_key": "terraform-sa",
          "schema_version": 0,
          "attributes": {
            "account_id": "terraform-sa",
            "create_ignore_already_exists": null,
            "description": "",
            "disabled": false,
            "display_name": "terraform-sa",
            "email": "terraform-sa@nyc-citibike-data-platform.iam.gserviceaccount.com",
            "id": "projects/nyc-citibike-data-platform/serviceAccounts/terraform-sa@nyc-citibike-data-platform.iam.gserviceaccount.com",
            "member": "serviceAccount:terraform-sa@nyc-citibike-data-platform.iam.gserviceaccount.com",
            "name": "projects/nyc-citibike-data-platform/serviceAccounts/terraform-sa@nyc-citibike-data-platform.iam.gserviceaccount.com",
            "project": "nyc-citibike-data-platform",
            "timeouts": null,
            "unique_id": "112705537262899717146"
          },
          "sensitive_attributes": [],
          "identity_schema_version": 0,
          "private": "eyJlMmJmYjczMC1lY2FhLTExZTYtOGY4OC0zNDM2M2JjN2M0YzAiOnsiY3JlYXRlIjozMDAwMDAwMDAwMDB9fQ=="
        }
      ]
    },
    {
      "module": "module.storage",
      "mode": "managed",
      "type": "google_storage_bucket",
      "name": "bucket",
      "provider": "provider[\"registry.terraform.io/hashicorp/google\"]",
      "instances": [
        {
          "schema_version": 3,
          "attributes": {
            "autoclass": [],
            "cors": [],
            "custom_placement_config": [],
            "default_event_based_hold": false,
            "effective_labels": {
              "goog-terraform-provisioned": "true"
            },
            "enable_object_retention": false,
            "encryption": [],
            "force_destroy": true,
            "id": "citibike-data-lake",
            "labels": {},
            "lifecycle_rule": [],
            "location": "US-CENTRAL1",
            "logging": [],
            "name": "citibike-data-lake",
            "project": "nyc-citibike-data-platform",
            "project_number": 757510344135,
            "public_access_prevention": "inherited",
            "requester_pays": false,
            "retention_policy": [],
            "rpo": null,
            "self_link": "https://www.googleapis.com/storage/v1/b/citibike-data-lake",
            "soft_delete_policy": [
              {
                "effective_time": "2026-03-01T02:58:37.719Z",
                "retention_duration_seconds": 604800
              }
            ],
            "storage_class": "STANDARD",
            "terraform_labels": {
              "goog-terraform-provisioned": "true"
            },
            "timeouts": null,
            "uniform_bucket_level_access": true,
            "url": "gs://citibike-data-lake",
            "versioning": [],
            "website": []
          },
          "sensitive_attributes": [],
          "identity_schema_version": 0,
          "private": "eyJlMmJmYjczMC1lY2FhLTExZTYtOGY4OC0zNDM2M2JjN2M0YzAiOnsiY3JlYXRlIjo2MDAwMDAwMDAwMDAsInJlYWQiOjI0MDAwMDAwMDAwMCwidXBkYXRlIjoyNDAwMDAwMDAwMDB9LCJzY2hlbWFfdmVyc2lvbiI6IjMifQ=="
        }
      ]
    }
  ],
  "check_results": null
}
