{
  "version": 4,
  "terraform_version": "1.14.4",
  "serial": 64,
  "lineage": "903b7a43-96db-ca13-75d1-3b80c8812df1",
  "outputs": {
    "bigquery_datasets": {
      "value": [
        "analytics",
        "raw",
        "staging"
      ],
      "type": [
        "tuple",
        [
          "string",
          "string",
          "string"
        ]
      ]
    },
    "bucket_name": {
      "value": "citibike-data-lake",
      "type": "string"
    },
    "iam_bindings": {
      "value": {
        "dbt-sa-roles_bigquery.dataEditor": {
          "member": "serviceAccount:dbt-sa@nyc-citibike-data-platform.iam.gserviceaccount.com",
          "role": "roles/bigquery.dataEditor"
        },
        "dbt-sa-roles_bigquery.jobUser": {
          "member": "serviceAccount:dbt-sa@nyc-citibike-data-platform.iam.gserviceaccount.com",
          "role": "roles/bigquery.jobUser"
        },
        "dbt-sa-roles_bigquery.readSessionUser": {
          "member": "serviceAccount:dbt-sa@nyc-citibike-data-platform.iam.gserviceaccount.com",
          "role": "roles/bigquery.readSessionUser"
        },
        "kestra-sa-roles_bigquery.dataEditor": {
          "member": "serviceAccount:kestra-sa@nyc-citibike-data-platform.iam.gserviceaccount.com",
          "role": "roles/bigquery.dataEditor"
        },
        "kestra-sa-roles_bigquery.jobUser": {
          "member": "serviceAccount:kestra-sa@nyc-citibike-data-platform.iam.gserviceaccount.com",
          "role": "roles/bigquery.jobUser"
        },
        "kestra-sa-roles_storage.admin": {
          "member": "serviceAccount:kestra-sa@nyc-citibike-data-platform.iam.gserviceaccount.com",
          "role": "roles/storage.admin"
        },
        "terraform-sa-roles_bigquery.admin": {
          "member": "serviceAccount:terraform-sa@nyc-citibike-data-platform.iam.gserviceaccount.com",
          "role": "roles/bigquery.admin"
        },
        "terraform-sa-roles_iam.serviceAccountAdmin": {
          "member": "serviceAccount:terraform-sa@nyc-citibike-data-platform.iam.gserviceaccount.com",
          "role": "roles/iam.serviceAccountAdmin"
        },
        "terraform-sa-roles_resourcemanager.projectIamAdmin": {
          "member": "serviceAccount:terraform-sa@nyc-citibike-data-platform.iam.gserviceaccount.com",
          "role": "roles/resourcemanager.projectIamAdmin"
        },
        "terraform-sa-roles_storage.admin": {
          "member": "serviceAccount:terraform-sa@nyc-citibike-data-platform.iam.gserviceaccount.com",
          "role": "roles/storage.admin"
        }
      },
      "type": [
        "object",
        {
          "dbt-sa-roles_bigquery.dataEditor": [
            "object",
            {
              "member": "string",
              "role": "string"
            }
          ],
          "dbt-sa-roles_bigquery.jobUser": [
            "object",
            {
              "member": "string",
              "role": "string"
            }
          ],
          "dbt-sa-roles_bigquery.readSessionUser": [
            "object",
            {
              "member": "string",
              "role": "string"
            }
          ],
          "kestra-sa-roles_bigquery.dataEditor": [
            "object",
            {
              "member": "string",
              "role": "string"
            }
          ],
          "kestra-sa-roles_bigquery.jobUser": [
            "object",
            {
              "member": "string",
              "role": "string"
            }
          ],
          "kestra-sa-roles_storage.admin": [
            "object",
            {
              "member": "string",
              "role": "string"
            }
          ],
          "terraform-sa-roles_bigquery.admin": [
            "object",
            {
              "member": "string",
              "role": "string"
            }
          ],
          "terraform-sa-roles_iam.serviceAccountAdmin": [
            "object",
            {
              "member": "string",
              "role": "string"
            }
          ],
          "terraform-sa-roles_resourcemanager.projectIamAdmin": [
            "object",
            {
              "member": "string",
              "role": "string"
            }
          ],
          "terraform-sa-roles_storage.admin": [
            "object",
            {
              "member": "string",
              "role": "string"
            }
          ]
        }
      ]
    },
    "service_accounts": {
      "value": {
        "dbt-sa": "dbt-sa@nyc-citibike-data-platform.iam.gserviceaccount.com",
        "kestra-sa": "kestra-sa@nyc-citibike-data-platform.iam.gserviceaccount.com",
        "terraform-sa": "terraform-sa@nyc-citibike-data-platform.iam.gserviceaccount.com"
      },
      "type": [
        "object",
        {
          "dbt-sa": "string",
          "kestra-sa": "string",
          "terraform-sa": "string"
        }
      ]
    }
  },
  "resources": [
    {
      "module": "module.bigquery",
      "mode": "managed",
      "type": "google_bigquery_dataset",
      "name": "datasets",
      "provider": "provider[\"registry.terraform.io/hashicorp/google\"]",
      "instances": [
        {
          "index_key": "analytics",
          "schema_version": 0,
          "attributes": {
            "access": [
              {
                "dataset": [],
                "domain": "",
                "group_by_email": "",
                "iam_member": "",
                "role": "OWNER",
                "routine": [],
                "special_group": "",
                "user_by_email": "osareniho.oni@gmail.com",
                "view": []
              },
              {
                "dataset": [],
                "domain": "",
                "group_by_email": "",
                "iam_member": "",
                "role": "OWNER",
                "routine": [],
                "special_group": "projectOwners",
                "user_by_email": "",
                "view": []
              },
              {
                "dataset": [],
                "domain": "",
                "group_by_email": "",
                "iam_member": "",
                "role": "READER",
                "routine": [],
                "special_group": "projectReaders",
                "user_by_email": "",
                "view": []
              },
              {
                "dataset": [],
                "domain": "",
                "group_by_email": "",
                "iam_member": "",
                "role": "WRITER",
                "routine": [],
                "special_group": "projectWriters",
                "user_by_email": "",
                "view": []
              }
            ],
            "creation_time": 1772333918026,
            "dataset_id": "analytics",
            "default_collation": "",
            "default_encryption_configuration": [],
            "default_partition_expiration_ms": 0,
            "default_table_expiration_ms": 0,
            "delete_contents_on_destroy": false,
            "description": "",
            "effective_labels": {
              "goog-terraform-provisioned": "true"
            },
            "etag": "zdT9Pvz2CsDXFgMrEE8A2Q==",
            "external_dataset_reference": [],
            "friendly_name": "",
            "id": "projects/nyc-citibike-data-platform/datasets/analytics",
            "is_case_insensitive": false,
            "labels": {},
            "last_modified_time": 1772333918026,
            "location": "us-central1",
            "max_time_travel_hours": "168",
            "project": "nyc-citibike-data-platform",
            "resource_tags": {},
            "self_link": "https://bigquery.googleapis.com/bigquery/v2/projects/nyc-citibike-data-platform/datasets/analytics",
            "storage_billing_model": "",
            "terraform_labels": {
              "goog-terraform-provisioned": "true"
            },
            "timeouts": null
          },
          "sensitive_attributes": [],
          "identity_schema_version": 0,
          "private": "eyJlMmJmYjczMC1lY2FhLTExZTYtOGY4OC0zNDM2M2JjN2M0YzAiOnsiY3JlYXRlIjoxMjAwMDAwMDAwMDAwLCJkZWxldGUiOjEyMDAwMDAwMDAwMDAsInVwZGF0ZSI6MTIwMDAwMDAwMDAwMH19"
        },
        {
          "index_key": "raw",
          "schema_version": 0,
          "attributes": {
            "access": [
              {
                "dataset": [],
                "domain": "",
                "group_by_email": "",
                "iam_member": "",
                "role": "OWNER",
                "routine": [],
                "special_group": "",
                "user_by_email": "osareniho.oni@gmail.com",
                "view": []
              },
              {
                "dataset": [],
                "domain": "",
                "group_by_email": "",
                "iam_member": "",
                "role": "OWNER",
                "routine": [],
                "special_group": "projectOwners",
                "user_by_email": "",
                "view": []
              },
              {
                "dataset": [],
                "domain": "",
                "group_by_email": "",
                "iam_member": "",
                "role": "READER",
                "routine": [],
                "special_group": "projectReaders",
                "user_by_email": "",
                "view": []
              },
              {
                "dataset": [],
                "domain": "",
                "group_by_email": "",
                "iam_member": "",
                "role": "WRITER",
                "routine": [],
                "special_group": "projectWriters",
                "user_by_email": "",
                "view": []
              }
            ],
            "creation_time": 1772333918026,
            "dataset_id": "raw",
            "default_collation": "",
            "default_encryption_configuration": [],
            "default_partition_expiration_ms": 0,
            "default_table_expiration_ms": 0,
            "delete_contents_on_destroy": false,
            "description": "",
            "effective_labels": {
              "goog-terraform-provisioned": "true"
            },
            "etag": "wljP/UUfihIGCo/TCn+GFA==",
            "external_dataset_reference": [],
            "friendly_name": "",
            "id": "projects/nyc-citibike-data-platform/datasets/raw",
            "is_case_insensitive": false,
            "labels": {},
            "last_modified_time": 1772333918026,
            "location": "us-central1",
            "max_time_travel_hours": "168",
            "project": "nyc-citibike-data-platform",
            "resource_tags": {},
            "self_link": "https://bigquery.googleapis.com/bigquery/v2/projects/nyc-citibike-data-platform/datasets/raw",
            "storage_billing_model": "",
            "terraform_labels": {
              "goog-terraform-provisioned": "true"
            },
            "timeouts": null
          },
          "sensitive_attributes": [],
          "identity_schema_version": 0,
          "private": "eyJlMmJmYjczMC1lY2FhLTExZTYtOGY4OC0zNDM2M2JjN2M0YzAiOnsiY3JlYXRlIjoxMjAwMDAwMDAwMDAwLCJkZWxldGUiOjEyMDAwMDAwMDAwMDAsInVwZGF0ZSI6MTIwMDAwMDAwMDAwMH19"
        },
        {
          "index_key": "staging",
          "schema_version": 0,
          "attributes": {
            "access": [
              {
                "dataset": [],
                "domain": "",
                "group_by_email": "",
                "iam_member": "",
                "role": "OWNER",
                "routine": [],
                "special_group": "",
                "user_by_email": "osareniho.oni@gmail.com",
                "view": []
              },
              {
                "dataset": [],
                "domain": "",
                "group_by_email": "",
                "iam_member": "",
                "role": "OWNER",
                "routine": [],
                "special_group": "projectOwners",
                "user_by_email": "",
                "view": []
              },
              {
                "dataset": [],
                "domain": "",
                "group_by_email": "",
                "iam_member": "",
                "role": "READER",
                "routine": [],
                "special_group": "projectReaders",
                "user_by_email": "",
                "view": []
              },
              {
                "dataset": [],
                "domain": "",
                "group_by_email": "",
                "iam_member": "",
                "role": "WRITER",
                "routine": [],
                "special_group": "projectWriters",
                "user_by_email": "",
                "view": []
              }
            ],
            "creation_time": 1772333918026,
            "dataset_id": "staging",
            "default_collation": "",
            "default_encryption_configuration": [],
            "default_partition_expiration_ms": 0,
            "default_table_expiration_ms": 0,
            "delete_contents_on_destroy": false,
            "description": "",
            "effective_labels": {
              "goog-terraform-provisioned": "true"
            },
            "etag": "8CLSJBm2LDUrWaq6xJf/SA==",
            "external_dataset_reference": [],
            "friendly_name": "",
            "id": "projects/nyc-citibike-data-platform/datasets/staging",
            "is_case_insensitive": false,
            "labels": {},
            "last_modified_time": 1772333918026,
            "location": "us-central1",
            "max_time_travel_hours": "168",
            "project": "nyc-citibike-data-platform",
            "resource_tags": {},
            "self_link": "https://bigquery.googleapis.com/bigquery/v2/projects/nyc-citibike-data-platform/datasets/staging",
            "storage_billing_model": "",
            "terraform_labels": {
              "goog-terraform-provisioned": "true"
            },
            "timeouts": null
          },
          "sensitive_attributes": [],
          "identity_schema_version": 0,
          "private": "eyJlMmJmYjczMC1lY2FhLTExZTYtOGY4OC0zNDM2M2JjN2M0YzAiOnsiY3JlYXRlIjoxMjAwMDAwMDAwMDAwLCJkZWxldGUiOjEyMDAwMDAwMDAwMDAsInVwZGF0ZSI6MTIwMDAwMDAwMDAwMH19"
        }
      ]
    },
    {
      "module": "module.iam",
      "mode": "managed",
      "type": "google_project_iam_member",
      "name": "bindings",
      "provider": "provider[\"registry.terraform.io/hashicorp/google\"]",
      "instances": [
        {
          "index_key": "dbt-sa-roles_bigquery.dataEditor",
          "schema_version": 0,
          "attributes": {
            "condition": [],
            "etag": "BwZL7grBhP4=",
            "id": "nyc-citibike-data-platform/roles/bigquery.dataEditor/serviceAccount:dbt-sa@nyc-citibike-data-platform.iam.gserviceaccount.com",
            "member": "serviceAccount:dbt-sa@nyc-citibike-data-platform.iam.gserviceaccount.com",
            "project": "nyc-citibike-data-platform",
            "role": "roles/bigquery.dataEditor"
          },
          "sensitive_attributes": [],
          "identity_schema_version": 0,
          "private": "bnVsbA==",
          "dependencies": [
            "module.service_accounts.google_service_account.sa"
          ]
        },
        {
          "index_key": "dbt-sa-roles_bigquery.jobUser",
          "schema_version": 0,
          "attributes": {
            "condition": [],
            "etag": "BwZL7grBhP4=",
            "id": "nyc-citibike-data-platform/roles/bigquery.jobUser/serviceAccount:dbt-sa@nyc-citibike-data-platform.iam.gserviceaccount.com",
            "member": "serviceAccount:dbt-sa@nyc-citibike-data-platform.iam.gserviceaccount.com",
            "project": "nyc-citibike-data-platform",
            "role": "roles/bigquery.jobUser"
          },
          "sensitive_attributes": [],
          "identity_schema_version": 0,
          "private": "bnVsbA==",
          "dependencies": [
            "module.service_accounts.google_service_account.sa"
          ]
        },
        {
          "index_key": "dbt-sa-roles_bigquery.readSessionUser",
          "schema_version": 0,
          "attributes": {
            "condition": [],
            "etag": "BwZL/2lheJg=",
            "id": "nyc-citibike-data-platform/roles/bigquery.readSessionUser/serviceAccount:dbt-sa@nyc-citibike-data-platform.iam.gserviceaccount.com",
            "member": "serviceAccount:dbt-sa@nyc-citibike-data-platform.iam.gserviceaccount.com",
            "project": "nyc-citibike-data-platform",
            "role": "roles/bigquery.readSessionUser"
          },
          "sensitive_attributes": [],
          "identity_schema_version": 0,
          "private": "bnVsbA==",
          "dependencies": [
            "module.service_accounts.google_service_account.sa"
          ]
        },
        {
          "index_key": "kestra-sa-roles_bigquery.dataEditor",
          "schema_version": 0,
          "attributes": {
            "condition": [],
            "etag": "BwZL7grBhP4=",
            "id": "nyc-citibike-data-platform/roles/bigquery.dataEditor/serviceAccount:kestra-sa@nyc-citibike-data-platform.iam.gserviceaccount.com",
            "member": "serviceAccount:kestra-sa@nyc-citibike-data-platform.iam.gserviceaccount.com",
            "project": "nyc-citibike-data-platform",
            "role": "roles/bigquery.dataEditor"
          },
          "sensitive_attributes": [],
          "identity_schema_version": 0,
          "private": "bnVsbA==",
          "dependencies": [
            "module.service_accounts.google_service_account.sa"
          ]
        },
        {
          "index_key": "kestra-sa-roles_bigquery.jobUser",
          "schema_version": 0,
          "attributes": {
            "condition": [],
            "etag": "BwZL7grBhP4=",
            "id": "nyc-citibike-data-platform/roles/bigquery.jobUser/serviceAccount:kestra-sa@nyc-citibike-data-platform.iam.gserviceaccount.com",
            "member": "serviceAccount:kestra-sa@nyc-citibike-data-platform.iam.gserviceaccount.com",
            "project": "nyc-citibike-data-platform",
            "role": "roles/bigquery.jobUser"
          },
          "sensitive_attributes": [],
          "identity_schema_version": 0,
          "private": "bnVsbA==",
          "dependencies": [
            "module.service_accounts.google_service_account.sa"
          ]
        },
        {
          "index_key": "kestra-sa-roles_storage.admin",
          "schema_version": 0,
          "attributes": {
            "condition": [],
            "etag": "BwZL7grBhP4=",
            "id": "nyc-citibike-data-platform/roles/storage.admin/serviceAccount:kestra-sa@nyc-citibike-data-platform.iam.gserviceaccount.com",
            "member": "serviceAccount:kestra-sa@nyc-citibike-data-platform.iam.gserviceaccount.com",
            "project": "nyc-citibike-data-platform",
            "role": "roles/storage.admin"
          },
          "sensitive_attributes": [],
          "identity_schema_version": 0,
          "private": "bnVsbA==",
          "dependencies": [
            "module.service_accounts.google_service_account.sa"
          ]
        },
        {
          "index_key": "terraform-sa-roles_bigquery.admin",
          "schema_version": 0,
          "attributes": {
            "condition": [],
            "etag": "BwZL7grBhP4=",
            "id": "nyc-citibike-data-platform/roles/bigquery.admin/serviceAccount:terraform-sa@nyc-citibike-data-platform.iam.gserviceaccount.com",
            "member": "serviceAccount:terraform-sa@nyc-citibike-data-platform.iam.gserviceaccount.com",
            "project": "nyc-citibike-data-platform",
            "role": "roles/bigquery.admin"
          },
          "sensitive_attributes": [],
          "identity_schema_version": 0,
          "private": "bnVsbA==",
          "dependencies": [
            "module.service_accounts.google_service_account.sa"
          ]
        },
        {
          "index_key": "terraform-sa-roles_iam.serviceAccountAdmin",
          "schema_version": 0,
          "attributes": {
            "condition": [],
            "etag": "BwZL7grBhP4=",
            "id": "nyc-citibike-data-platform/roles/iam.serviceAccountAdmin/serviceAccount:terraform-sa@nyc-citibike-data-platform.iam.gserviceaccount.com",
            "member": "serviceAccount:terraform-sa@nyc-citibike-data-platform.iam.gserviceaccount.com",
            "project": "nyc-citibike-data-platform",
            "role": "roles/iam.serviceAccountAdmin"
          },
          "sensitive_attributes": [],
          "identity_schema_version": 0,
          "private": "bnVsbA==",
          "dependencies": [
            "module.service_accounts.google_service_account.sa"
          ]
        },
        {
          "index_key": "terraform-sa-roles_resourcemanager.projectIamAdmin",
          "schema_version": 0,
          "attributes": {
            "condition": [],
            "etag": "BwZL7grBhP4=",
            "id": "nyc-citibike-data-platform/roles/resourcemanager.projectIamAdmin/serviceAccount:terraform-sa@nyc-citibike-data-platform.iam.gserviceaccount.com",
            "member": "serviceAccount:terraform-sa@nyc-citibike-data-platform.iam.gserviceaccount.com",
            "project": "nyc-citibike-data-platform",
            "role": "roles/resourcemanager.projectIamAdmin"
          },
          "sensitive_attributes": [],
          "identity_schema_version": 0,
          "private": "bnVsbA==",
          "dependencies": [
            "module.service_accounts.google_service_account.sa"
          ]
        },
        {
          "index_key": "terraform-sa-roles_storage.admin",
          "schema_version": 0,
          "attributes": {
            "condition": [],
            "etag": "BwZL7grBhP4=",
            "id": "nyc-citibike-data-platform/roles/storage.admin/serviceAccount:terraform-sa@nyc-citibike-data-platform.iam.gserviceaccount.com",
            "member": "serviceAccount:terraform-sa@nyc-citibike-data-platform.iam.gserviceaccount.com",
            "project": "nyc-citibike-data-platform",
            "role": "roles/storage.admin"
          },
          "sensitive_attributes": [],
          "identity_schema_version": 0,
          "private": "bnVsbA==",
          "dependencies": [
            "module.service_accounts.google_service_account.sa"
          ]
        }
      ]
    },
    {
      "module": "module.service_accounts",
      "mode": "managed",
      "type": "google_service_account",
      "name": "sa",
      "provider": "provider[\"registry.terraform.io/hashicorp/google\"]",
      "instances": [
        {
          "index_key": "dbt-sa",
          "schema_version": 0,
          "attributes": {
            "account_id": "dbt-sa",
            "create_ignore_already_exists": null,
            "description": "",
            "disabled": false,
            "display_name": "dbt-sa",
            "email": "dbt-sa@nyc-citibike-data-platform.iam.gserviceaccount.com",
            "id": "projects/nyc-citibike-data-platform/serviceAccounts/dbt-sa@nyc-citibike-data-platform.iam.gserviceaccount.com",
            "member": "serviceAccount:dbt-sa@nyc-citibike-data-platform.iam.gserviceaccount.com",
            "name": "projects/nyc-citibike-data-platform/serviceAccounts/dbt-sa@nyc-citibike-data-platform.iam.gserviceaccount.com",
            "project": "nyc-citibike-data-platform",
            "timeouts": null,
            "unique_id": "114538267707374904105"
          },
          "sensitive_attributes": [],
          "identity_schema_version": 0,
          "private": "eyJlMmJmYjczMC1lY2FhLTExZTYtOGY4OC0zNDM2M2JjN2M0YzAiOnsiY3JlYXRlIjozMDAwMDAwMDAwMDB9fQ=="
        },
        {
          "index_key": "kestra-sa",
          "schema_version": 0,
          "attributes": {
            "account_id": "kestra-sa",
            "create_ignore_already_exists": null,
            "description": "",
            "disabled": false,
            "display_name": "kestra-sa",
            "email": "kestra-sa@nyc-citibike-data-platform.iam.gserviceaccount.com",
            "id": "projects/nyc-citibike-data-platform/serviceAccounts/kestra-sa@nyc-citibike-data-platform.iam.gserviceaccount.com",
            "member": "serviceAccount:kestra-sa@nyc-citibike-data-platform.iam.gserviceaccount.com",
            "name": "projects/nyc-citibike-data-platform/serviceAccounts/kestra-sa@nyc-citibike-data-platform.iam.gserviceaccount.com",
            "project": "nyc-citibike-data-platform",
            "timeouts": null,
            "unique_id": "118210442566488932690"
          },
          "sensitive_attributes": [],
          "identity_schema_version": 0,
          "private": "eyJlMmJmYjczMC1lY2FhLTExZTYtOGY4OC0zNDM2M2JjN2M0YzAiOnsiY3JlYXRlIjozMDAwMDAwMDAwMDB9fQ=="
        },
        {
          "index_key": "terraform-sa",
          "schema_version": 0,
          "attributes": {
            "account_id": "terraform-sa",
            "create_ignore_already_exists": null,
            "description": "",
            "disabled": false,
            "display_name": "terraform-sa",
            "email": "terraform-sa@nyc-citibike-data-platform.iam.gserviceaccount.com",
            "id": "projects/nyc-citibike-data-platform/serviceAccounts/terraform-sa@nyc-citibike-data-platform.iam.gserviceaccount.com",
            "member": "serviceAccount:terraform-sa@nyc-citibike-data-platform.iam.gserviceaccount.com",
            "name": "projects/nyc-citibike-data-platform/serviceAccounts/terraform-sa@nyc-citibike-data-platform.iam.gserviceaccount.com",
            "project": "nyc-citibike-data-platform",
            "timeouts": null,
            "unique_id": "112705537262899717146"
          },
          "sensitive_attributes": [],
          "identity_schema_version": 0,
          "private": "eyJlMmJmYjczMC1lY2FhLTExZTYtOGY4OC0zNDM2M2JjN2M0YzAiOnsiY3JlYXRlIjozMDAwMDAwMDAwMDB9fQ=="
        }
      ]
    },
    {
      "module": "module.storage",
      "mode": "managed",
      "type": "google_storage_bucket",
      "name": "bucket",
      "provider": "provider[\"registry.terraform.io/hashicorp/google\"]",
      "instances": [
        {
          "schema_version": 3,
          "attributes": {
            "autoclass": [],
            "cors": [],
            "custom_placement_config": [],
            "default_event_based_hold": false,
            "effective_labels": {
              "goog-terraform-provisioned": "true"
            },
            "enable_object_retention": false,
            "encryption": [],
            "force_destroy": true,
            "id": "citibike-data-lake",
            "labels": {},
            "lifecycle_rule": [],
            "location": "US-CENTRAL1",
            "logging": [],
            "name": "citibike-data-lake",
            "project": "nyc-citibike-data-platform",
            "project_number": 757510344135,
            "public_access_prevention": "inherited",
            "requester_pays": false,
            "retention_policy": [],
            "rpo": null,
            "self_link": "https://www.googleapis.com/storage/v1/b/citibike-data-lake",
            "soft_delete_policy": [
              {
                "effective_time": "2026-03-01T02:58:37.719Z",
                "retention_duration_seconds": 604800
              }
            ],
            "storage_class": "STANDARD",
            "terraform_labels": {
              "goog-terraform-provisioned": "true"
            },
            "timeouts": null,
            "uniform_bucket_level_access": true,
            "url": "gs://citibike-data-lake",
            "versioning": [],
            "website": []
          },
          "sensitive_attributes": [],
          "identity_schema_version": 0,
          "private": "eyJlMmJmYjczMC1lY2FhLTExZTYtOGY4OC0zNDM2M2JjN2M0YzAiOnsiY3JlYXRlIjo2MDAwMDAwMDAwMDAsInJlYWQiOjI0MDAwMDAwMDAwMCwidXBkYXRlIjoyNDAwMDAwMDAwMDB9LCJzY2hlbWFfdmVyc2lvbiI6IjMifQ=="
        }
      ]
    }
  ],
  "check_results": null
}
